
Microsoft Visual Studio Solution File, Format Version 12.00
# Visual Studio Version 16
VisualStudioVersion = 16.0.30611.23
MinimumVisualStudioVersion = 10.0.40219.1
Project("{FAE04EC0-301F-11D3-BF4B-00C04F79EFBC}") = "BulkyBook", "BulkyBook\BulkyBook.csproj", "{07292541-9621-4C48-98AA-5BCEBD8350E1}"
EndProject
Global
	GlobalSection(SolutionConfigurationPlatforms) = preSolution
		Debug|Any CPU = Debug|Any CPU
		Release|Any CPU = Release|Any CPU
	EndGlobalSection
	GlobalSection(ProjectConfigurationPlatforms) = postSolution
		{07292541-9621-4C48-98AA-5BCEBD8350E1}.Debug|Any CPU.ActiveCfg = Debug|Any CPU
		{07292541-9621-4C48-98AA-5BCEBD8350E1}.Debug|Any CPU.Build.0 = Debug|Any CPU
		{07292541-9621-4C48-98AA-5BCEBD8350E1}.Release|Any CPU.ActiveCfg = Release|Any CPU
		{07292541-9621-4C48-98AA-5BCEBD8350E1}.Release|Any CPU.Build.0 = Release|Any CPU
	EndGlobalSection
	GlobalSection(SolutionProperties) = preSolution
		HideSolutionNode = FALSE
	EndGlobalSection
	GlobalSection(ExtensibilityGlobals) = postSolution
		SolutionGuid = {30546FB9-96D9-4117-A906-25F07BD26167}
	EndGlobalSection
EndGlobal
